
Microsoft Visual Studio Solution File, Format Version 12.00
# Visual Studio Version 17
VisualStudioVersion = 17.7.34031.279
MinimumVisualStudioVersion = 10.0.40219.1
Project("{FAE04EC0-301F-11D3-BF4B-00C04F79EFBC}") = "WeightConverter", "WeightConverter.csproj", "{5E37AFC8-926B-4097-9834-45F8DEB04775}"
EndProject
Global
	GlobalSection(SolutionConfigurationPlatforms) = preSolution
		Debug|Any CPU = Debug|Any CPU
		Release|Any CPU = Release|Any CPU
	EndGlobalSection
	GlobalSection(ProjectConfigurationPlatforms) = postSolution
		{5E37AFC8-926B-4097-9834-45F8DEB04775}.Debug|Any CPU.ActiveCfg = Debug|Any CPU
		{5E37AFC8-926B-4097-9834-45F8DEB04775}.Debug|Any CPU.Build.0 = Debug|Any CPU
		{5E37AFC8-926B-4097-9834-45F8DEB04775}.Release|Any CPU.ActiveCfg = Release|Any CPU
		{5E37AFC8-926B-4097-9834-45F8DEB04775}.Release|Any CPU.Build.0 = Release|Any CPU
	EndGlobalSection
	GlobalSection(SolutionProperties) = preSolution
		HideSolutionNode = FALSE
	EndGlobalSection
	GlobalSection(ExtensibilityGlobals) = postSolution
		SolutionGuid = {FCC1168E-0DE9-4979-ACD1-A8DF2C78A965}
	EndGlobalSection
EndGlobal
